
Microsoft Visual Studio Solution File, Format Version 12.00
# Visual Studio Version 16
VisualStudioVersion = 16.0.30320.27
MinimumVisualStudioVersion = 10.0.40219.1
Project("{888888A0-9F3D-457C-B088-3A5042F75D52}") = "PythonApplication58", "PythonApplication58.pyproj", "{78EDB343-FB1B-4370-B57A-287918A8CE10}"
EndProject
Global
	GlobalSection(SolutionConfigurationPlatforms) = preSolution
		Debug|Any CPU = Debug|Any CPU
		Release|Any CPU = Release|Any CPU
	EndGlobalSection
	GlobalSection(ProjectConfigurationPlatforms) = postSolution
		{78EDB343-FB1B-4370-B57A-287918A8CE10}.Debug|Any CPU.ActiveCfg = Debug|Any CPU
		{78EDB343-FB1B-4370-B57A-287918A8CE10}.Release|Any CPU.ActiveCfg = Release|Any CPU
	EndGlobalSection
	GlobalSection(SolutionProperties) = preSolution
		HideSolutionNode = FALSE
	EndGlobalSection
	GlobalSection(ExtensibilityGlobals) = postSolution
		SolutionGuid = {FCE8F1EA-72B9-42E4-9CA8-68FE6B79C858}
	EndGlobalSection
EndGlobal
