
Microsoft Visual Studio Solution File, Format Version 12.00
# Visual Studio Version 16
VisualStudioVersion = 16.0.30320.27
MinimumVisualStudioVersion = 10.0.40219.1
Project("{888888A0-9F3D-457C-B088-3A5042F75D52}") = "PythonApplication67", "PythonApplication67.pyproj", "{FEB63B92-550F-4B58-8A67-98C943BEE30E}"
EndProject
Global
	GlobalSection(SolutionConfigurationPlatforms) = preSolution
		Debug|Any CPU = Debug|Any CPU
		Release|Any CPU = Release|Any CPU
	EndGlobalSection
	GlobalSection(ProjectConfigurationPlatforms) = postSolution
		{FEB63B92-550F-4B58-8A67-98C943BEE30E}.Debug|Any CPU.ActiveCfg = Debug|Any CPU
		{FEB63B92-550F-4B58-8A67-98C943BEE30E}.Release|Any CPU.ActiveCfg = Release|Any CPU
	EndGlobalSection
	GlobalSection(SolutionProperties) = preSolution
		HideSolutionNode = FALSE
	EndGlobalSection
	GlobalSection(ExtensibilityGlobals) = postSolution
		SolutionGuid = {26AC0AEB-B397-49D9-865D-C751DBD35EBD}
	EndGlobalSection
EndGlobal
