
Microsoft Visual Studio Solution File, Format Version 12.00
# Visual Studio Version 16
VisualStudioVersion = 16.0.30320.27
MinimumVisualStudioVersion = 10.0.40219.1
Project("{888888A0-9F3D-457C-B088-3A5042F75D52}") = "PythonApplication57", "PythonApplication57.pyproj", "{E14AA62B-9BF2-4140-80B6-BF516B9D005E}"
EndProject
Global
	GlobalSection(SolutionConfigurationPlatforms) = preSolution
		Debug|Any CPU = Debug|Any CPU
		Release|Any CPU = Release|Any CPU
	EndGlobalSection
	GlobalSection(ProjectConfigurationPlatforms) = postSolution
		{E14AA62B-9BF2-4140-80B6-BF516B9D005E}.Debug|Any CPU.ActiveCfg = Debug|Any CPU
		{E14AA62B-9BF2-4140-80B6-BF516B9D005E}.Release|Any CPU.ActiveCfg = Release|Any CPU
	EndGlobalSection
	GlobalSection(SolutionProperties) = preSolution
		HideSolutionNode = FALSE
	EndGlobalSection
	GlobalSection(ExtensibilityGlobals) = postSolution
		SolutionGuid = {6A1AEA13-7C1C-410F-B227-6FCDD265E712}
	EndGlobalSection
EndGlobal
